# THIS IS AN AUTOGENERATED FILE. DO NOT EDIT THIS FILE DIRECTLY.
# yarn lockfile v1
"@types/jquery":
  version "2.0.33"
  resolved "https://registry.yarnpkg.com/@types/jquery/-/jquery-2.0.33.tgz#684ef3a2e99f6fd2afc52a357e47ae05f51f4f6c"

core-js:
  version "2.4.1"
  resolved "https://registry.yarnpkg.com/core-js/-/core-js-2.4.1.tgz#4de911e667b0eae9124e34254b53aea6fc618d3e"

jquery:
  version "3.1.1"
  resolved "https://registry.yarnpkg.com/jquery/-/jquery-3.1.1.tgz#347c1c21c7e004115e0a4da32cece041fad3c8a3"

rollup:
  version "0.36.3"
  resolved "https://registry.yarnpkg.com/rollup/-/rollup-0.36.3.tgz#c89ac479828924ff8f69c1d44541cb4ea2fc11fc"
  dependencies:
    source-map-support "^0.4.0"

source-map-support@^0.4.0:
  version "0.4.6"
  resolved "https://registry.yarnpkg.com/source-map-support/-/source-map-support-0.4.6.tgz#32552aa64b458392a85eab3b0b5ee61527167aeb"
  dependencies:
    source-map "^0.5.3"

source-map@^0.5.3:
  version "0.5.6"
  resolved "https://registry.yarnpkg.com/source-map/-/source-map-0.5.6.tgz#75ce38f52bf0733c5a7f0c118d81334a2bb5f412"

typescript:
  version "2.0.6"
  resolved "https://registry.yarnpkg.com/typescript/-/typescript-2.0.6.tgz#5385499ac9811508c2c43e0ea07a1ddca435e111"

